Microsoft Visual Studio Solution File, Format Version 12.00
# Visual Studio Version 17
Project("{FAE04EC0-301F-11D3-BF4B-00C04F79EFBC}") = "WorldCup.Domain", "src\WorldCup.Domain\WorldCup.Domain.csproj", "{AAAAAAAA-0000-0000-0000-000000000001}"
EndProject
Project("{FAE04EC0-301F-11D3-BF4B-00C04F79EFBC}") = "WorldCup.Infrastructure", "src\WorldCup.Infrastructure\WorldCup.Infrastructure.csproj", "{AAAAAAAA-0000-0000-0000-000000000002}"
EndProject
Project("{FAE04EC0-301F-11D3-BF4B-00C04F79EFBC}") = "WorldCup.Api", "src\WorldCup.Api\WorldCup.Api.csproj", "{AAAAAAAA-0000-0000-0000-000000000003}"
EndProject
Project("{FAE04EC0-301F-11D3-BF4B-00C04F79EFBC}") = "WorldCup.Domain.Tests.Unit", "tests\WorldCup.Domain.Tests.Unit\WorldCup.Domain.Tests.Unit.csproj", "{AAAAAAAA-0000-0000-0000-000000000004}"
EndProject
Project("{FAE04EC0-301F-11D3-BF4B-00C04F79EFBC}") = "WorldCup.Api.Tests.Unit", "tests\WorldCup.Api.Tests.Unit\WorldCup.Api.Tests.Unit.csproj", "{AAAAAAAA-0000-0000-0000-000000000005}"
EndProject
Project("{FAE04EC0-301F-11D3-BF4B-00C04F79EFBC}") = "WorldCup.Api.Tests.Integration", "tests\WorldCup.Api.Tests.Integration\WorldCup.Api.Tests.Integration.csproj", "{AAAAAAAA-0000-0000-0000-000000000006}"
EndProject
Project("{FAE04EC0-301F-11D3-BF4B-00C04F79EFBC}") = "WorldCup.Tests.Helpers", "tests\WorldCup.Tests.Helpers\WorldCup.Tests.Helpers.csproj", "{AAAAAAAA-0000-0000-0000-000000000007}"
EndProject
Global
	GlobalSection(SolutionConfigurationPlatforms) = preSolution
		Debug|Any CPU = Debug|Any CPU
		Release|Any CPU = Release|Any CPU
	EndGlobalSection
	GlobalSection(ProjectConfigurationPlatforms) = postSolution
		{AAAAAAAA-0000-0000-0000-000000000001}.Debug|Any CPU.ActiveCfg = Debug|Any CPU
		{AAAAAAAA-0000-0000-0000-000000000001}.Debug|Any CPU.Build.0 = Debug|Any CPU
		{AAAAAAAA-0000-0000-0000-000000000001}.Release|Any CPU.ActiveCfg = Release|Any CPU
		{AAAAAAAA-0000-0000-0000-000000000001}.Release|Any CPU.Build.0 = Release|Any CPU
		{AAAAAAAA-0000-0000-0000-000000000002}.Debug|Any CPU.ActiveCfg = Debug|Any CPU
		{AAAAAAAA-0000-0000-0000-000000000002}.Debug|Any CPU.Build.0 = Debug|Any CPU
		{AAAAAAAA-0000-0000-0000-000000000002}.Release|Any CPU.ActiveCfg = Release|Any CPU
		{AAAAAAAA-0000-0000-0000-000000000002}.Release|Any CPU.Build.0 = Release|Any CPU
		{AAAAAAAA-0000-0000-0000-000000000003}.Debug|Any CPU.ActiveCfg = Debug|Any CPU
		{AAAAAAAA-0000-0000-0000-000000000003}.Debug|Any CPU.Build.0 = Debug|Any CPU
		{AAAAAAAA-0000-0000-0000-000000000003}.Release|Any CPU.ActiveCfg = Release|Any CPU
		{AAAAAAAA-0000-0000-0000-000000000003}.Release|Any CPU.Build.0 = Release|Any CPU
		{AAAAAAAA-0000-0000-0000-000000000004}.Debug|Any CPU.ActiveCfg = Debug|Any CPU
		{AAAAAAAA-0000-0000-0000-000000000004}.Debug|Any CPU.Build.0 = Debug|Any CPU
		{AAAAAAAA-0000-0000-0000-000000000004}.Release|Any CPU.ActiveCfg = Release|Any CPU
		{AAAAAAAA-0000-0000-0000-000000000004}.Release|Any CPU.Build.0 = Release|Any CPU
		{AAAAAAAA-0000-0000-0000-000000000005}.Debug|Any CPU.ActiveCfg = Debug|Any CPU
		{AAAAAAAA-0000-0000-0000-000000000005}.Debug|Any CPU.Build.0 = Debug|Any CPU
		{AAAAAAAA-0000-0000-0000-000000000005}.Release|Any CPU.ActiveCfg = Release|Any CPU
		{AAAAAAAA-0000-0000-0000-000000000005}.Release|Any CPU.Build.0 = Release|Any CPU
		{AAAAAAAA-0000-0000-0000-000000000006}.Debug|Any CPU.ActiveCfg = Debug|Any CPU
		{AAAAAAAA-0000-0000-0000-000000000006}.Debug|Any CPU.Build.0 = Debug|Any CPU
		{AAAAAAAA-0000-0000-0000-000000000006}.Release|Any CPU.ActiveCfg = Release|Any CPU
		{AAAAAAAA-0000-0000-0000-000000000006}.Release|Any CPU.Build.0 = Release|Any CPU
		{AAAAAAAA-0000-0000-0000-000000000007}.Debug|Any CPU.ActiveCfg = Debug|Any CPU
		{AAAAAAAA-0000-0000-0000-000000000007}.Debug|Any CPU.Build.0 = Debug|Any CPU
		{AAAAAAAA-0000-0000-0000-000000000007}.Release|Any CPU.ActiveCfg = Release|Any CPU
		{AAAAAAAA-0000-0000-0000-000000000007}.Release|Any CPU.Build.0 = Release|Any CPU
	EndGlobalSection
	GlobalSection(SolutionProperties) = preSolution
		HideSolutionNode = FALSE
	EndGlobalSection
EndGlobal
